
Microsoft Visual Studio Solution File, Format Version 12.00
# Visual Studio 2012
VisualStudioVersion = 14.0.24720.0
MinimumVisualStudioVersion = 10.0.40219.1
Project("{FAE04EC0-301F-11D3-BF4B-00C04F79EFBC}") = "EIMA.droid", "EIMA\EIMA.Droid\EIMA.droid.csproj", "{3A7C65DE-1FBA-4F95-856A-785FF45646B9}"
EndProject
Project("{D954291E-2A0B-460D-934E-DC6B0785DB48}") = "EIMA", "EIMA\EIMA Shared\EIMA.shproj", "{A48A3030-5E7F-4E23-9948-AAA9BEF1ACEE}"
EndProject
Global
	GlobalSection(SolutionConfigurationPlatforms) = preSolution
		Ad-Hoc|Any CPU = Ad-Hoc|Any CPU
		Ad-Hoc|iPhone = Ad-Hoc|iPhone
		Ad-Hoc|iPhoneSimulator = Ad-Hoc|iPhoneSimulator
		AppStore|Any CPU = AppStore|Any CPU
		AppStore|iPhone = AppStore|iPhone
		AppStore|iPhoneSimulator = AppStore|iPhoneSimulator
		Debug|Any CPU = Debug|Any CPU
		Debug|iPhone = Debug|iPhone
		Debug|iPhoneSimulator = Debug|iPhoneSimulator
		Release|Any CPU = Release|Any CPU
		Release|iPhone = Release|iPhone
		Release|iPhoneSimulator = Release|iPhoneSimulator
	EndGlobalSection
	GlobalSection(ProjectConfigurationPlatforms) = postSolution
		{3A7C65DE-1FBA-4F95-856A-785FF45646B9}.Ad-Hoc|Any CPU.ActiveCfg = Debug|Any CPU
		{3A7C65DE-1FBA-4F95-856A-785FF45646B9}.Ad-Hoc|Any CPU.Build.0 = Debug|Any CPU
		{3A7C65DE-1FBA-4F95-856A-785FF45646B9}.Ad-Hoc|iPhone.ActiveCfg = Debug|Any CPU
		{3A7C65DE-1FBA-4F95-856A-785FF45646B9}.Ad-Hoc|iPhone.Build.0 = Debug|Any CPU
		{3A7C65DE-1FBA-4F95-856A-785FF45646B9}.Ad-Hoc|iPhoneSimulator.ActiveCfg = Debug|Any CPU
		{3A7C65DE-1FBA-4F95-856A-785FF45646B9}.Ad-Hoc|iPhoneSimulator.Build.0 = Debug|Any CPU
		{3A7C65DE-1FBA-4F95-856A-785FF45646B9}.AppStore|Any CPU.ActiveCfg = Debug|Any CPU
		{3A7C65DE-1FBA-4F95-856A-785FF45646B9}.AppStore|Any CPU.Build.0 = Debug|Any CPU
		{3A7C65DE-1FBA-4F95-856A-785FF45646B9}.AppStore|iPhone.ActiveCfg = Debug|Any CPU
		{3A7C65DE-1FBA-4F95-856A-785FF45646B9}.AppStore|iPhone.Build.0 = Debug|Any CPU
		{3A7C65DE-1FBA-4F95-856A-785FF45646B9}.AppStore|iPhoneSimulator.ActiveCfg = Debug|Any CPU
		{3A7C65DE-1FBA-4F95-856A-785FF45646B9}.AppStore|iPhoneSimulator.Build.0 = Debug|Any CPU
		{3A7C65DE-1FBA-4F95-856A-785FF45646B9}.Debug|Any CPU.ActiveCfg = Debug|Any CPU
		{3A7C65DE-1FBA-4F95-856A-785FF45646B9}.Debug|Any CPU.Build.0 = Debug|Any CPU
		{3A7C65DE-1FBA-4F95-856A-785FF45646B9}.Debug|iPhone.ActiveCfg = Debug|Any CPU
		{3A7C65DE-1FBA-4F95-856A-785FF45646B9}.Debug|iPhone.Build.0 = Debug|Any CPU
		{3A7C65DE-1FBA-4F95-856A-785FF45646B9}.Debug|iPhoneSimulator.ActiveCfg = Debug|Any CPU
		{3A7C65DE-1FBA-4F95-856A-785FF45646B9}.Debug|iPhoneSimulator.Build.0 = Debug|Any CPU
		{3A7C65DE-1FBA-4F95-856A-785FF45646B9}.Release|Any CPU.ActiveCfg = Release|Any CPU
		{3A7C65DE-1FBA-4F95-856A-785FF45646B9}.Release|Any CPU.Build.0 = Release|Any CPU
		{3A7C65DE-1FBA-4F95-856A-785FF45646B9}.Release|iPhone.ActiveCfg = Release|Any CPU
		{3A7C65DE-1FBA-4F95-856A-785FF45646B9}.Release|iPhone.Build.0 = Release|Any CPU
		{3A7C65DE-1FBA-4F95-856A-785FF45646B9}.Release|iPhoneSimulator.ActiveCfg = Release|Any CPU
		{3A7C65DE-1FBA-4F95-856A-785FF45646B9}.Release|iPhoneSimulator.Build.0 = Release|Any CPU
	EndGlobalSection
	GlobalSection(MonoDevelopProperties) = preSolution
		Policies = $0
		$0.StandardHeader = $1
		$1.Text = 
		$1.IncludeInNewFiles = True
	EndGlobalSection
	GlobalSection(SharedMSBuildProjectFiles) = preSolution
		App2\App2\App2.projitems*{a48a3030-5e7f-4e23-9948-aaa9bef1acee}*SharedItemsImports = 13
		App2\App2\App2.projitems*{3a7c65de-1fba-4f95-856a-785ff45646b9}*SharedItemsImports = 4
	EndGlobalSection
	GlobalSection(SolutionProperties) = preSolution
		HideSolutionNode = FALSE
	EndGlobalSection
EndGlobal
